
Microsoft Visual Studio Solution File, Format Version 12.00
# Visual Studio Version 16
VisualStudioVersion = 16.0.30523.141
MinimumVisualStudioVersion = 10.0.40219.1
Project("{FAE04EC0-301F-11D3-BF4B-00C04F79EFBC}") = "vücutKitle", "vücutKitle.csproj", "{DC0C0043-E4EE-489C-B8E6-F0224618EDCC}"
EndProject
Global
	GlobalSection(SolutionConfigurationPlatforms) = preSolution
		Debug|Any CPU = Debug|Any CPU
		Release|Any CPU = Release|Any CPU
	EndGlobalSection
	GlobalSection(ProjectConfigurationPlatforms) = postSolution
		{DC0C0043-E4EE-489C-B8E6-F0224618EDCC}.Debug|Any CPU.ActiveCfg = Debug|Any CPU
		{DC0C0043-E4EE-489C-B8E6-F0224618EDCC}.Debug|Any CPU.Build.0 = Debug|Any CPU
		{DC0C0043-E4EE-489C-B8E6-F0224618EDCC}.Release|Any CPU.ActiveCfg = Release|Any CPU
		{DC0C0043-E4EE-489C-B8E6-F0224618EDCC}.Release|Any CPU.Build.0 = Release|Any CPU
	EndGlobalSection
	GlobalSection(SolutionProperties) = preSolution
		HideSolutionNode = FALSE
	EndGlobalSection
	GlobalSection(ExtensibilityGlobals) = postSolution
		SolutionGuid = {59EA37CF-547A-4C1B-9B46-640AD5314ECB}
	EndGlobalSection
EndGlobal
